
Microsoft Visual Studio Solution File, Format Version 12.00
# Visual Studio Version 16
VisualStudioVersion = 16.0.31229.75
MinimumVisualStudioVersion = 10.0.40219.1
Project("{FAE04EC0-301F-11D3-BF4B-00C04F79EFBC}") = "FolderWatcher", "FolderWatcher\FolderWatcher.csproj", "{EB95223D-2A0D-45E6-AE07-B50C8F667675}"
EndProject
Global
	GlobalSection(SolutionConfigurationPlatforms) = preSolution
		Debug|Any CPU = Debug|Any CPU
		Release|Any CPU = Release|Any CPU
	EndGlobalSection
	GlobalSection(ProjectConfigurationPlatforms) = postSolution
		{EB95223D-2A0D-45E6-AE07-B50C8F667675}.Debug|Any CPU.ActiveCfg = Debug|Any CPU
		{EB95223D-2A0D-45E6-AE07-B50C8F667675}.Debug|Any CPU.Build.0 = Debug|Any CPU
		{EB95223D-2A0D-45E6-AE07-B50C8F667675}.Release|Any CPU.ActiveCfg = Release|Any CPU
		{EB95223D-2A0D-45E6-AE07-B50C8F667675}.Release|Any CPU.Build.0 = Release|Any CPU
	EndGlobalSection
	GlobalSection(SolutionProperties) = preSolution
		HideSolutionNode = FALSE
	EndGlobalSection
	GlobalSection(ExtensibilityGlobals) = postSolution
		SolutionGuid = {5A97BC7E-54D5-477F-8687-4345DF1A21C2}
	EndGlobalSection
EndGlobal
